// !$*UTF8*$!
{
	archiveVersion = 1;
	classes = {
	};
	objectVersion = 46;
	objects = {

/* Begin PBXBuildFile section */
		D2F17BA21CCB162E00BCD3A8 /* AppDelegate.swift in Sources */ = {isa = PBXBuildFile; fileRef = D2F17BA11CCB162E00BCD3A8 /* AppDelegate.swift */; };
		D2F17BA41CCB162E00BCD3A8 /* ViewController.swift in Sources */ = {isa = PBXBuildFile; fileRef = D2F17BA31CCB162E00BCD3A8 /* ViewController.swift */; };
		D2F17BA71CCB162F00BCD3A8 /* Main.storyboard in Resources */ = {isa = PBXBuildFile; fileRef = D2F17BA51CCB162F00BCD3A8 /* Main.storyboard */; };
		D2F17BA91CCB162F00BCD3A8 /* Assets.xcassets in Resources */ = {isa = PBXBuildFile; fileRef = D2F17BA81CCB162F00BCD3A8 /* Assets.xcassets */; };
		D2F17BAC1CCB162F00BCD3A8 /* LaunchScreen.storyboard in Resources */ = {isa = PBXBuildFile; fileRef = D2F17BAA1CCB162F00BCD3A8 /* LaunchScreen.storyboard */; };
		D2F17BB71CCB162F00BCD3A8 /* VibhuGandikotaTests.swift in Sources */ = {isa = PBXBuildFile; fileRef = D2F17BB61CCB162F00BCD3A8 /* VibhuGandikotaTests.swift */; };
		D2F17BC21CCB162F00BCD3A8 /* VibhuGandikotaUITests.swift in Sources */ = {isa = PBXBuildFile; fileRef = D2F17BC11CCB162F00BCD3A8 /* VibhuGandikotaUITests.swift */; };
/* End PBXBuildFile section */

/* Begin PBXContainerItemProxy section */
		D2F17BB31CCB162F00BCD3A8 /* PBXContainerItemProxy */ = {
			isa = PBXContainerItemProxy;
			containerPortal = D2F17B961CCB162E00BCD3A8 /* Project object */;
			proxyType = 1;
			remoteGlobalIDString = D2F17B9D1CCB162E00BCD3A8;
			remoteInfo = VibhuGandikota;
		};
		D2F17BBE1CCB162F00BCD3A8 /* PBXContainerItemProxy */ = {
			isa = PBXContainerItemProxy;
			containerPortal = D2F17B961CCB162E00BCD3A8 /* Project object */;
			proxyType = 1;
			remoteGlobalIDString = D2F17B9D1CCB162E00BCD3A8;
			remoteInfo = VibhuGandikota;
		};
/* End PBXContainerItemProxy section */

/* Begin PBXFileReference section */
		D2F17B9E1CCB162E00BCD3A8 /* VibhuGandikota.app */ = {isa = PBXFileReference; explicitFileType = wrapper.application; includeInIndex = 0; path = VibhuGandikota.app; sourceTree = BUILT_PRODUCTS_DIR; };
		D2F17BA11CCB162E00BCD3A8 /* AppDelegate.swift */ = {isa = PBXFileReference; lastKnownFileType = sourcecode.swift; path = AppDelegate.swift; sourceTree = "<group>"; };
		D2F17BA31CCB162E00BCD3A8 /* ViewController.swift */ = {isa = PBXFileReference; lastKnownFileType = sourcecode.swift; path = ViewController.swift; sourceTree = "<group>"; };
		D2F17BA61CCB162F00BCD3A8 /* Base */ = {isa = PBXFileReference; lastKnownFileType = file.storyboard; name = Base; path = Base.lproj/Main.storyboard; sourceTree = "<group>"; };
		D2F17BA81CCB162F00BCD3A8 /* Assets.xcassets */ = {isa = PBXFileReference; lastKnownFileType = folder.assetcatalog; path = Assets.xcassets; sourceTree = "<group>"; };
		D2F17BAB1CCB162F00BCD3A8 /* Base */ = {isa = PBXFileReference; lastKnownFileType = file.storyboard; name = Base; path = Base.lproj/LaunchScreen.storyboard; sourceTree = "<group>"; };
		D2F17BAD1CCB162F00BCD3A8 /* Info.plist */ = {isa = PBXFileReference; lastKnownFileType = text.plist.xml; path = Info.plist; sourceTree = "<group>"; };
		D2F17BB21CCB162F00BCD3A8 /* VibhuGandikotaTests.xctest */ = {isa = PBXFileReference; explicitFileType = wrapper.cfbundle; includeInIndex = 0; path = VibhuGandikotaTests.xctest; sourceTree = BUILT_PRODUCTS_DIR; };
		D2F17BB61CCB162F00BCD3A8 /* VibhuGandikotaTests.swift */ = {isa = PBXFileReference; lastKnownFileType = sourcecode.swift; path = VibhuGandikotaTests.swift; sourceTree = "<group>"; };
		D2F17BB81CCB162F00BCD3A8 /* Info.plist */ = {isa = PBXFileReference; lastKnownFileType = text.plist.xml; path = Info.plist; sourceTree = "<group>"; };
		D2F17BBD1CCB162F00BCD3A8 /* VibhuGandikotaUITests.xctest */ = {isa = PBXFileReference; explicitFileType = wrapper.cfbundle; includeInIndex = 0; path = VibhuGandikotaUITests.xctest; sourceTree = BUILT_PRODUCTS_DIR; };
		D2F17BC11CCB162F00BCD3A8 /* VibhuGandikotaUITests.swift */ = {isa = PBXFileReference; lastKnownFileType = sourcecode.swift; path = VibhuGandikotaUITests.swift; sourceTree = "<group>"; };
		D2F17BC31CCB162F00BCD3A8 /* Info.plist */ = {isa = PBXFileReference; lastKnownFileType = text.plist.xml; path = Info.plist; sourceTree = "<group>"; };
/* End PBXFileReference section */

/* Begin PBXFrameworksBuildPhase section */
		D2F17B9B1CCB162E00BCD3A8 /* Frameworks */ = {
			isa = PBXFrameworksBuildPhase;
			buildActionMask = 2147483647;
			files = (
			);
			runOnlyForDeploymentPostprocessing = 0;
		};
		D2F17BAF1CCB162F00BCD3A8 /* Frameworks */ = {
			isa = PBXFrameworksBuildPhase;
			buildActionMask = 2147483647;
			files = (
			);
			runOnlyForDeploymentPostprocessing = 0;
		};
		D2F17BBA1CCB162F00BCD3A8 /* Frameworks */ = {
			isa = PBXFrameworksBuildPhase;
			buildActionMask = 2147483647;
			files = (
			);
			runOnlyForDeploymentPostprocessing = 0;
		};
/* End PBXFrameworksBuildPhase section */

/* Begin PBXGroup section */
		D2F17B951CCB162E00BCD3A8 = {
			isa = PBXGroup;
			children = (
				D2F17BA01CCB162E00BCD3A8 /* VibhuGandikota */,
				D2F17BB51CCB162F00BCD3A8 /* VibhuGandikotaTests */,
				D2F17BC01CCB162F00BCD3A8 /* VibhuGandikotaUITests */,
				D2F17B9F1CCB162E00BCD3A8 /* Products */,
			);
			sourceTree = "<group>";
		};
		D2F17B9F1CCB162E00BCD3A8 /* Products */ = {
			isa = PBXGroup;
			children = (
				D2F17B9E1CCB162E00BCD3A8 /* VibhuGandikota.app */,
				D2F17BB21CCB162F00BCD3A8 /* VibhuGandikotaTests.xctest */,
				D2F17BBD1CCB162F00BCD3A8 /* VibhuGandikotaUITests.xctest */,
			);
			name = Products;
			sourceTree = "<group>";
		};
		D2F17BA01CCB162E00BCD3A8 /* VibhuGandikota */ = {
			isa = PBXGroup;
			children = (
				D2F17BA11CCB162E00BCD3A8 /* AppDelegate.swift */,
				D2F17BA31CCB162E00BCD3A8 /* ViewController.swift */,
				D2F17BA51CCB162F00BCD3A8 /* Main.storyboard */,
				D2F17BA81CCB162F00BCD3A8 /* Assets.xcassets */,
				D2F17BAA1CCB162F00BCD3A8 /* LaunchScreen.storyboard */,
				D2F17BAD1CCB162F00BCD3A8 /* Info.plist */,
			);
			path = VibhuGandikota;
			sourceTree = "<group>";
		};
		D2F17BB51CCB162F00BCD3A8 /* VibhuGandikotaTests */ = {
			isa = PBXGroup;
			children = (
				D2F17BB61CCB162F00BCD3A8 /* VibhuGandikotaTests.swift */,
				D2F17BB81CCB162F00BCD3A8 /* Info.plist */,
			);
			path = VibhuGandikotaTests;
			sourceTree = "<group>";
		};
		D2F17BC01CCB162F00BCD3A8 /* VibhuGandikotaUITests */ = {
			isa = PBXGroup;
			children = (
				D2F17BC11CCB162F00BCD3A8 /* VibhuGandikotaUITests.swift */,
				D2F17BC31CCB162F00BCD3A8 /* Info.plist */,
			);
			path = VibhuGandikotaUITests;
			sourceTree = "<group>";
		};
/* End PBXGroup section */

/* Begin PBXNativeTarget section */
		D2F17B9D1CCB162E00BCD3A8 /* VibhuGandikota */ = {
			isa = PBXNativeTarget;
			buildConfigurationList = D2F17BC61CCB162F00BCD3A8 /* Build configuration list for PBXNativeTarget "VibhuGandikota" */;
			buildPhases = (
				D2F17B9A1CCB162E00BCD3A8 /* Sources */,
				D2F17B9B1CCB162E00BCD3A8 /* Frameworks */,
				D2F17B9C1CCB162E00BCD3A8 /* Resources */,
			);
			buildRules = (
			);
			dependencies = (
			);
			name = VibhuGandikota;
			productName = VibhuGandikota;
			productReference = D2F17B9E1CCB162E00BCD3A8 /* VibhuGandikota.app */;
			productType = "com.apple.product-type.application";
		};
		D2F17BB11CCB162F00BCD3A8 /* VibhuGandikotaTests */ = {
			isa = PBXNativeTarget;
			buildConfigurationList = D2F17BC91CCB162F00BCD3A8 /* Build configuration list for PBXNativeTarget "VibhuGandikotaTests" */;
			buildPhases = (
				D2F17BAE1CCB162F00BCD3A8 /* Sources */,
				D2F17BAF1CCB162F00BCD3A8 /* Frameworks */,
				D2F17BB01CCB162F00BCD3A8 /* Resources */,
			);
			buildRules = (
			);
			dependencies = (
				D2F17BB41CCB162F00BCD3A8 /* PBXTargetDependency */,
			);
			name = VibhuGandikotaTests;
			productName = VibhuGandikotaTests;
			productReference = D2F17BB21CCB162F00BCD3A8 /* VibhuGandikotaTests.xctest */;
			productType = "com.apple.product-type.bundle.unit-test";
		};
		D2F17BBC1CCB162F00BCD3A8 /* VibhuGandikotaUITests */ = {
			isa = PBXNativeTarget;
			buildConfigurationList = D2F17BCC1CCB162F00BCD3A8 /* Build configuration list for PBXNativeTarget "VibhuGandikotaUITests" */;
			buildPhases = (
				D2F17BB91CCB162F00BCD3A8 /* Sources */,
				D2F17BBA1CCB162F00BCD3A8 /* Frameworks */,
				D2F17BBB1CCB162F00BCD3A8 /* Resources */,
			);
			buildRules = (
			);
			dependencies = (
				D2F17BBF1CCB162F00BCD3A8 /* PBXTargetDependency */,
			);
			name = VibhuGandikotaUITests;
			productName = VibhuGandikotaUITests;
			productReference = D2F17BBD1CCB162F00BCD3A8 /* VibhuGandikotaUITests.xctest */;
			productType = "com.apple.product-type.bundle.ui-testing";
		};
/* End PBXNativeTarget section */

/* Begin PBXProject section */
		D2F17B961CCB162E00BCD3A8 /* Project object */ = {
			isa = PBXProject;
			attributes = {
				LastSwiftUpdateCheck = 0730;
				LastUpgradeCheck = 0730;
				ORGANIZATIONNAME = "Vibhu Gandikota";
				TargetAttributes = {
					D2F17B9D1CCB162E00BCD3A8 = {
						CreatedOnToolsVersion = 7.3;
					};
					D2F17BB11CCB162F00BCD3A8 = {
						CreatedOnToolsVersion = 7.3;
						TestTargetID = D2F17B9D1CCB162E00BCD3A8;
					};
					D2F17BBC1CCB162F00BCD3A8 = {
						CreatedOnToolsVersion = 7.3;
						TestTargetID = D2F17B9D1CCB162E00BCD3A8;
					};
				};
			};
			buildConfigurationList = D2F17B991CCB162E00BCD3A8 /* Build configuration list for PBXProject "VibhuGandikota" */;
			compatibilityVersion = "Xcode 3.2";
			developmentRegion = English;
			hasScannedForEncodings = 0;
			knownRegions = (
				en,
				Base,
			);
			mainGroup = D2F17B951CCB162E00BCD3A8;
			productRefGroup = D2F17B9F1CCB162E00BCD3A8 /* Products */;
			projectDirPath = "";
			projectRoot = "";
			targets = (
				D2F17B9D1CCB162E00BCD3A8 /* VibhuGandikota */,
				D2F17BB11CCB162F00BCD3A8 /* VibhuGandikotaTests */,
				D2F17BBC1CCB162F00BCD3A8 /* VibhuGandikotaUITests */,
			);
		};
/* End PBXProject section */

/* Begin PBXResourcesBuildPhase section */
		D2F17B9C1CCB162E00BCD3A8 /* Resources */ = {
			isa = PBXResourcesBuildPhase;
			buildActionMask = 2147483647;
			files = (
				D2F17BAC1CCB162F00BCD3A8 /* LaunchScreen.storyboard in Resources */,
				D2F17BA91CCB162F00BCD3A8 /* Assets.xcassets in Resources */,
				D2F17BA71CCB162F00BCD3A8 /* Main.storyboard in Resources */,
			);
			runOnlyForDeploymentPostprocessing = 0;
		};
		D2F17BB01CCB162F00BCD3A8 /* Resources */ = {
			isa = PBXResourcesBuildPhase;
			buildActionMask = 2147483647;
			files = (
			);
			runOnlyForDeploymentPostprocessing = 0;
		};
		D2F17BBB1CCB162F00BCD3A8 /* Resources */ = {
			isa = PBXResourcesBuildPhase;
			buildActionMask = 2147483647;
			files = (
			);
			runOnlyForDeploymentPostprocessing = 0;
		};
/* End PBXResourcesBuildPhase section */

/* Begin PBXSourcesBuildPhase section */
		D2F17B9A1CCB162E00BCD3A8 /* Sources */ = {
			isa = PBXSourcesBuildPhase;
			buildActionMask = 2147483647;
			files = (
				D2F17BA41CCB162E00BCD3A8 /* ViewController.swift in Sources */,
				D2F17BA21CCB162E00BCD3A8 /* AppDelegate.swift in Sources */,
			);
			runOnlyForDeploymentPostprocessing = 0;
		};
		D2F17BAE1CCB162F00BCD3A8 /* Sources */ = {
			isa = PBXSourcesBuildPhase;
			buildActionMask = 2147483647;
			files = (
				D2F17BB71CCB162F00BCD3A8 /* VibhuGandikotaTests.swift in Sources */,
			);
			runOnlyForDeploymentPostprocessing = 0;
		};
		D2F17BB91CCB162F00BCD3A8 /* Sources */ = {
			isa = PBXSourcesBuildPhase;
			buildActionMask = 2147483647;
			files = (
				D2F17BC21CCB162F00BCD3A8 /* VibhuGandikotaUITests.swift in Sources */,
			);
			runOnlyForDeploymentPostprocessing = 0;
		};
/* End PBXSourcesBuildPhase section */

/* Begin PBXTargetDependency section */
		D2F17BB41CCB162F00BCD3A8 /* PBXTargetDependency */ = {
			isa = PBXTargetDependency;
			target = D2F17B9D1CCB162E00BCD3A8 /* VibhuGandikota */;
			targetProxy = D2F17BB31CCB162F00BCD3A8 /* PBXContainerItemProxy */;
		};
		D2F17BBF1CCB162F00BCD3A8 /* PBXTargetDependency */ = {
			isa = PBXTargetDependency;
			target = D2F17B9D1CCB162E00BCD3A8 /* VibhuGandikota */;
			targetProxy = D2F17BBE1CCB162F00BCD3A8 /* PBXContainerItemProxy */;
		};
/* End PBXTargetDependency section */

/* Begin PBXVariantGroup section */
		D2F17BA51CCB162F00BCD3A8 /* Main.storyboard */ = {
			isa = PBXVariantGroup;
			children = (
				D2F17BA61CCB162F00BCD3A8 /* Base */,
			);
			name = Main.storyboard;
			sourceTree = "<group>";
		};
		D2F17BAA1CCB162F00BCD3A8 /* LaunchScreen.storyboard */ = {
			isa = PBXVariantGroup;
			children = (
				D2F17BAB1CCB162F00BCD3A8 /* Base */,
			);
			name = LaunchScreen.storyboard;
			sourceTree = "<group>";
		};
/* End PBXVariantGroup section */

/* Begin XCBuildConfiguration section */
		D2F17BC41CCB162F00BCD3A8 /* Debug */ = {
			isa = XCBuildConfiguration;
			buildSettings = {
				ALWAYS_SEARCH_USER_PATHS = NO;
				CLANG_ANALYZER_NONNULL = YES;
				CLANG_CXX_LANGUAGE_STANDARD = "gnu++0x";
				CLANG_CXX_LIBRARY = "libc++";
				CLANG_ENABLE_MODULES = YES;
				CLANG_ENABLE_OBJC_ARC = YES;
				CLANG_WARN_BOOL_CONVERSION = YES;
				CLANG_WARN_CONSTANT_CONVERSION = YES;
				CLANG_WARN_DIRECT_OBJC_ISA_USAGE = YES_ERROR;
				CLANG_WARN_EMPTY_BODY = YES;
				CLANG_WARN_ENUM_CONVERSION = YES;
				CLANG_WARN_INT_CONVERSION = YES;
				CLANG_WARN_OBJC_ROOT_CLASS = YES_ERROR;
				CLANG_WARN_UNREACHABLE_CODE = YES;
				CLANG_WARN__DUPLICATE_METHOD_MATCH = YES;
				"CODE_SIGN_IDENTITY[sdk=iphoneos*]" = "iPhone Developer";
				COPY_PHASE_STRIP = NO;
				DEBUG_INFORMATION_FORMAT = dwarf;
				ENABLE_STRICT_OBJC_MSGSEND = YES;
				ENABLE_TESTABILITY = YES;
				GCC_C_LANGUAGE_STANDARD = gnu99;
				GCC_DYNAMIC_NO_PIC = NO;
				GCC_NO_COMMON_BLOCKS = YES;
				GCC_OPTIMIZATION_LEVEL = 0;
				GCC_PREPROCESSOR_DEFINITIONS = (
					"DEBUG=1",
					"$(inherited)",
				);
				GCC_WARN_64_TO_32_BIT_CONVERSION = YES;
				GCC_WARN_ABOUT_RETURN_TYPE = YES_ERROR;
				GCC_WARN_UNDECLARED_SELECTOR = YES;
				GCC_WARN_UNINITIALIZED_AUTOS = YES_AGGRESSIVE;
				GCC_WARN_UNUSED_FUNCTION = YES;
				GCC_WARN_UNUSED_VARIABLE = YES;
				IPHONEOS_DEPLOYMENT_TARGET = 9.3;
				MTL_ENABLE_DEBUG_INFO = YES;
				ONLY_ACTIVE_ARCH = YES;
				SDKROOT = iphoneos;
				SWIFT_OPTIMIZATION_LEVEL = "-Onone";
				TARGETED_DEVICE_FAMILY = "1,2";
			};
			name = Debug;
		};
		D2F17BC51CCB162F00BCD3A8 /* Release */ = {
			isa = XCBuildConfiguration;
			buildSettings = {
				ALWAYS_SEARCH_USER_PATHS = NO;
				CLANG_ANALYZER_NONNULL = YES;
				CLANG_CXX_LANGUAGE_STANDARD = "gnu++0x";
				CLANG_CXX_LIBRARY = "libc++";
				CLANG_ENABLE_MODULES = YES;
				CLANG_ENABLE_OBJC_ARC = YES;
				CLANG_WARN_BOOL_CONVERSION = YES;
				CLANG_WARN_CONSTANT_CONVERSION = YES;
				CLANG_WARN_DIRECT_OBJC_ISA_USAGE = YES_ERROR;
				CLANG_WARN_EMPTY_BODY = YES;
				CLANG_WARN_ENUM_CONVERSION = YES;
				CLANG_WARN_INT_CONVERSION = YES;
				CLANG_WARN_OBJC_ROOT_CLASS = YES_ERROR;
				CLANG_WARN_UNREACHABLE_CODE = YES;
				CLANG_WARN__DUPLICATE_METHOD_MATCH = YES;
				"CODE_SIGN_IDENTITY[sdk=iphoneos*]" = "iPhone Developer";
				COPY_PHASE_STRIP = NO;
				DEBUG_INFORMATION_FORMAT = "dwarf-with-dsym";
				ENABLE_NS_ASSERTIONS = NO;
				ENABLE_STRICT_OBJC_MSGSEND = YES;
				GCC_C_LANGUAGE_STANDARD = gnu99;
				GCC_NO_COMMON_BLOCKS = YES;
				GCC_WARN_64_TO_32_BIT_CONVERSION = YES;
				GCC_WARN_ABOUT_RETURN_TYPE = YES_ERROR;
				GCC_WARN_UNDECLARED_SELECTOR = YES;
				GCC_WARN_UNINITIALIZED_AUTOS = YES_AGGRESSIVE;
				GCC_WARN_UNUSED_FUNCTION = YES;
				GCC_WARN_UNUSED_VARIABLE = YES;
				IPHONEOS_DEPLOYMENT_TARGET = 9.3;
				MTL_ENABLE_DEBUG_INFO = NO;
				SDKROOT = iphoneos;
				TARGETED_DEVICE_FAMILY = "1,2";
				VALIDATE_PRODUCT = YES;
			};
			name = Release;
		};
		D2F17BC71CCB162F00BCD3A8 /* Debug */ = {
			isa = XCBuildConfiguration;
			buildSettings = {
				ASSETCATALOG_COMPILER_APPICON_NAME = AppIcon;
				INFOPLIST_FILE = VibhuGandikota/Info.plist;
				LD_RUNPATH_SEARCH_PATHS = "$(inherited) @executable_path/Frameworks";
				PRODUCT_BUNDLE_IDENTIFIER = Gandikota.VibhuGandikota;
				PRODUCT_NAME = "$(TARGET_NAME)";
			};
			name = Debug;
		};
		D2F17BC81CCB162F00BCD3A8 /* Release */ = {
			isa = XCBuildConfiguration;
			buildSettings = {
				ASSETCATALOG_COMPILER_APPICON_NAME = AppIcon;
				INFOPLIST_FILE = VibhuGandikota/Info.plist;
				LD_RUNPATH_SEARCH_PATHS = "$(inherited) @executable_path/Frameworks";
				PRODUCT_BUNDLE_IDENTIFIER = Gandikota.VibhuGandikota;
				PRODUCT_NAME = "$(TARGET_NAME)";
			};
			name = Release;
		};
		D2F17BCA1CCB162F00BCD3A8 /* Debug */ = {
			isa = XCBuildConfiguration;
			buildSettings = {
				BUNDLE_LOADER = "$(TEST_HOST)";
				INFOPLIST_FILE = VibhuGandikotaTests/Info.plist;
				LD_RUNPATH_SEARCH_PATHS = "$(inherited) @executable_path/Frameworks @loader_path/Frameworks";
				PRODUCT_BUNDLE_IDENTIFIER = Gandikota.VibhuGandikotaTests;
				PRODUCT_NAME = "$(TARGET_NAME)";
				TEST_HOST = "$(BUILT_PRODUCTS_DIR)/VibhuGandikota.app/VibhuGandikota";
			};
			name = Debug;
		};
		D2F17BCB1CCB162F00BCD3A8 /* Release */ = {
			isa = XCBuildConfiguration;
			buildSettings = {
				BUNDLE_LOADER = "$(TEST_HOST)";
				INFOPLIST_FILE = VibhuGandikotaTests/Info.plist;
				LD_RUNPATH_SEARCH_PATHS = "$(inherited) @executable_path/Frameworks @loader_path/Frameworks";
				PRODUCT_BUNDLE_IDENTIFIER = Gandikota.VibhuGandikotaTests;
				PRODUCT_NAME = "$(TARGET_NAME)";
				TEST_HOST = "$(BUILT_PRODUCTS_DIR)/VibhuGandikota.app/VibhuGandikota";
			};
			name = Release;
		};
		D2F17BCD1CCB162F00BCD3A8 /* Debug */ = {
			isa = XCBuildConfiguration;
			buildSettings = {
				INFOPLIST_FILE = VibhuGandikotaUITests/Info.plist;
				LD_RUNPATH_SEARCH_PATHS = "$(inherited) @executable_path/Frameworks @loader_path/Frameworks";
				PRODUCT_BUNDLE_IDENTIFIER = Gandikota.VibhuGandikotaUITests;
				PRODUCT_NAME = "$(TARGET_NAME)";
				TEST_TARGET_NAME = VibhuGandikota;
			};
			name = Debug;
		};
		D2F17BCE1CCB162F00BCD3A8 /* Release */ = {
			isa = XCBuildConfiguration;
			buildSettings = {
				INFOPLIST_FILE = VibhuGandikotaUITests/Info.plist;
				LD_RUNPATH_SEARCH_PATHS = "$(inherited) @executable_path/Frameworks @loader_path/Frameworks";
				PRODUCT_BUNDLE_IDENTIFIER = Gandikota.VibhuGandikotaUITests;
				PRODUCT_NAME = "$(TARGET_NAME)";
				TEST_TARGET_NAME = VibhuGandikota;
			};
			name = Release;
		};
/* End XCBuildConfiguration section */

/* Begin XCConfigurationList section */
		D2F17B991CCB162E00BCD3A8 /* Build configuration list for PBXProject "VibhuGandikota" */ = {
			isa = XCConfigurationList;
			buildConfigurations = (
				D2F17BC41CCB162F00BCD3A8 /* Debug */,
				D2F17BC51CCB162F00BCD3A8 /* Release */,
			);
			defaultConfigurationIsVisible = 0;
			defaultConfigurationName = Release;
		};
		D2F17BC61CCB162F00BCD3A8 /* Build configuration list for PBXNativeTarget "VibhuGandikota" */ = {
			isa = XCConfigurationList;
			buildConfigurations = (
				D2F17BC71CCB162F00BCD3A8 /* Debug */,
				D2F17BC81CCB162F00BCD3A8 /* Release */,
			);
			defaultConfigurationIsVisible = 0;
		};
		D2F17BC91CCB162F00BCD3A8 /* Build configuration list for PBXNativeTarget "VibhuGandikotaTests" */ = {
			isa = XCConfigurationList;
			buildConfigurations = (
				D2F17BCA1CCB162F00BCD3A8 /* Debug */,
				D2F17BCB1CCB162F00BCD3A8 /* Release */,
			);
			defaultConfigurationIsVisible = 0;
		};
		D2F17BCC1CCB162F00BCD3A8 /* Build configuration list for PBXNativeTarget "VibhuGandikotaUITests" */ = {
			isa = XCConfigurationList;
			buildConfigurations = (
				D2F17BCD1CCB162F00BCD3A8 /* Debug */,
				D2F17BCE1CCB162F00BCD3A8 /* Release */,
			);
			defaultConfigurationIsVisible = 0;
		};
/* End XCConfigurationList section */
	};
	rootObject = D2F17B961CCB162E00BCD3A8 /* Project object */;
}
